
Microsoft Visual Studio Solution File, Format Version 12.00
# Visual Studio Version 16
VisualStudioVersion = 16.0.29201.188
MinimumVisualStudioVersion = 10.0.40219.1
Project("{FAE04EC0-301F-11D3-BF4B-00C04F79EFBC}") = "WebApplication1", "WebApplication1.csproj", "{4ED5B495-42EE-4FB5-9200-FBF931FC9E0D}"
EndProject
Global
	GlobalSection(SolutionConfigurationPlatforms) = preSolution
		Debug|Any CPU = Debug|Any CPU
		Release|Any CPU = Release|Any CPU
	EndGlobalSection
	GlobalSection(ProjectConfigurationPlatforms) = postSolution
		{4ED5B495-42EE-4FB5-9200-FBF931FC9E0D}.Debug|Any CPU.ActiveCfg = Debug|Any CPU
		{4ED5B495-42EE-4FB5-9200-FBF931FC9E0D}.Debug|Any CPU.Build.0 = Debug|Any CPU
		{4ED5B495-42EE-4FB5-9200-FBF931FC9E0D}.Release|Any CPU.ActiveCfg = Release|Any CPU
		{4ED5B495-42EE-4FB5-9200-FBF931FC9E0D}.Release|Any CPU.Build.0 = Release|Any CPU
	EndGlobalSection
	GlobalSection(SolutionProperties) = preSolution
		HideSolutionNode = FALSE
	EndGlobalSection
	GlobalSection(ExtensibilityGlobals) = postSolution
		SolutionGuid = {97A147B1-C49F-4C66-A180-FBBC94C048BC}
	EndGlobalSection
EndGlobal
